
Microsoft Visual Studio Solution File, Format Version 12.00
# Visual Studio Version 17
VisualStudioVersion = 17.5.33530.505
MinimumVisualStudioVersion = 10.0.40219.1
Project("{9A19103F-16F7-4668-BE54-9A1E7A4F7556}") = "QuanLib.CommandLine", "QuanLib.CommandLine\QuanLib.CommandLine.csproj", "{A15B4B4F-75EB-4480-A2B4-304EA67A8A33}"
EndProject
Project("{9A19103F-16F7-4668-BE54-9A1E7A4F7556}") = "QuanLib.CommandLine.Demo", "QuanLib.CommandLine.Demo\QuanLib.CommandLine.Demo.csproj", "{A624C1B8-B80E-4DE1-A1FE-B4DEABAA0CA1}"
EndProject
Project("{9A19103F-16F7-4668-BE54-9A1E7A4F7556}") = "QuanLib.CommandLine.ConsoleTerminal", "QuanLib.CommandLine.ConsoleTerminal\QuanLib.CommandLine.ConsoleTerminal.csproj", "{8121B73A-AFF7-4652-9AAD-A0D2CCD8A1C6}"
EndProject
Project("{9A19103F-16F7-4668-BE54-9A1E7A4F7556}") = "QuanLib.Core", "..\QuanLib\QuanLib.Core\QuanLib.Core.csproj", "{DABA3D7B-B4E0-4898-A368-2E2AF8A9BA33}"
EndProject
Project("{9A19103F-16F7-4668-BE54-9A1E7A4F7556}") = "QuanLib.ConsoleUtil", "..\QuanLib\QuanLib.ConsoleUtil\QuanLib.ConsoleUtil.csproj", "{0BC4705E-C78E-450C-846F-0177AC53C219}"
EndProject
Global
	GlobalSection(SolutionConfigurationPlatforms) = preSolution
		Debug|Any CPU = Debug|Any CPU
		Release|Any CPU = Release|Any CPU
	EndGlobalSection
	GlobalSection(ProjectConfigurationPlatforms) = postSolution
		{A15B4B4F-75EB-4480-A2B4-304EA67A8A33}.Debug|Any CPU.ActiveCfg = Debug|Any CPU
		{A15B4B4F-75EB-4480-A2B4-304EA67A8A33}.Debug|Any CPU.Build.0 = Debug|Any CPU
		{A15B4B4F-75EB-4480-A2B4-304EA67A8A33}.Release|Any CPU.ActiveCfg = Release|Any CPU
		{A15B4B4F-75EB-4480-A2B4-304EA67A8A33}.Release|Any CPU.Build.0 = Release|Any CPU
		{A624C1B8-B80E-4DE1-A1FE-B4DEABAA0CA1}.Debug|Any CPU.ActiveCfg = Debug|Any CPU
		{A624C1B8-B80E-4DE1-A1FE-B4DEABAA0CA1}.Debug|Any CPU.Build.0 = Debug|Any CPU
		{A624C1B8-B80E-4DE1-A1FE-B4DEABAA0CA1}.Release|Any CPU.ActiveCfg = Release|Any CPU
		{A624C1B8-B80E-4DE1-A1FE-B4DEABAA0CA1}.Release|Any CPU.Build.0 = Release|Any CPU
		{8121B73A-AFF7-4652-9AAD-A0D2CCD8A1C6}.Debug|Any CPU.ActiveCfg = Debug|Any CPU
		{8121B73A-AFF7-4652-9AAD-A0D2CCD8A1C6}.Debug|Any CPU.Build.0 = Debug|Any CPU
		{8121B73A-AFF7-4652-9AAD-A0D2CCD8A1C6}.Release|Any CPU.ActiveCfg = Release|Any CPU
		{8121B73A-AFF7-4652-9AAD-A0D2CCD8A1C6}.Release|Any CPU.Build.0 = Release|Any CPU
		{DABA3D7B-B4E0-4898-A368-2E2AF8A9BA33}.Debug|Any CPU.ActiveCfg = Debug|Any CPU
		{DABA3D7B-B4E0-4898-A368-2E2AF8A9BA33}.Debug|Any CPU.Build.0 = Debug|Any CPU
		{DABA3D7B-B4E0-4898-A368-2E2AF8A9BA33}.Release|Any CPU.ActiveCfg = Release|Any CPU
		{DABA3D7B-B4E0-4898-A368-2E2AF8A9BA33}.Release|Any CPU.Build.0 = Release|Any CPU
		{0BC4705E-C78E-450C-846F-0177AC53C219}.Debug|Any CPU.ActiveCfg = Debug|Any CPU
		{0BC4705E-C78E-450C-846F-0177AC53C219}.Debug|Any CPU.Build.0 = Debug|Any CPU
		{0BC4705E-C78E-450C-846F-0177AC53C219}.Release|Any CPU.ActiveCfg = Release|Any CPU
		{0BC4705E-C78E-450C-846F-0177AC53C219}.Release|Any CPU.Build.0 = Release|Any CPU
	EndGlobalSection
	GlobalSection(SolutionProperties) = preSolution
		HideSolutionNode = FALSE
	EndGlobalSection
	GlobalSection(ExtensibilityGlobals) = postSolution
		SolutionGuid = {1FDCFF54-C540-45EC-B13E-92E5E2E7A7D8}
	EndGlobalSection
EndGlobal
